
Microsoft Visual Studio Solution File, Format Version 12.00
# Visual Studio Version 17
Project("{2150E333-8FDC-42A3-9474-1A3956D46DE8}") = "CMakePredefinedTargets", "CMakePredefinedTargets", "{6DC0FD06-87A1-35BD-8682-2C5BFF22A9C1}"
EndProject
Project("{2150E333-8FDC-42A3-9474-1A3956D46DE8}") = "GLFW3", "GLFW3", "{1043350F-2BD5-34FE-B751-2B627F39F3A0}"
EndProject
Project("{8BC9CEB8-8B4A-11D0-8D11-00A0C91BC942}") = "ALL_BUILD", "ALL_BUILD.vcxproj", "{EDECBB63-AFA2-3272-89F9-60CB626F01AB}"
	ProjectSection(ProjectDependencies) = postProject
		{E7C96836-EDEE-3404-91A9-1D06EE3218B8} = {E7C96836-EDEE-3404-91A9-1D06EE3218B8}
		{59A37368-B63F-3B11-9AB7-3C33D6421DB3} = {59A37368-B63F-3B11-9AB7-3C33D6421DB3}
	EndProjectSection
EndProject
Project("{8BC9CEB8-8B4A-11D0-8D11-00A0C91BC942}") = "INSTALL", "INSTALL.vcxproj", "{55F7FC1E-BD4C-3831-869B-EF9D905B0E10}"
	ProjectSection(ProjectDependencies) = postProject
		{EDECBB63-AFA2-3272-89F9-60CB626F01AB} = {EDECBB63-AFA2-3272-89F9-60CB626F01AB}
		{E7C96836-EDEE-3404-91A9-1D06EE3218B8} = {E7C96836-EDEE-3404-91A9-1D06EE3218B8}
	EndProjectSection
EndProject
Project("{8BC9CEB8-8B4A-11D0-8D11-00A0C91BC942}") = "ZERO_CHECK", "..\..\\ZERO_CHECK.vcxproj", "{E7C96836-EDEE-3404-91A9-1D06EE3218B8}"
	ProjectSection(ProjectDependencies) = postProject
	EndProjectSection
EndProject
Project("{8BC9CEB8-8B4A-11D0-8D11-00A0C91BC942}") = "glfw", "src\glfw.vcxproj", "{59A37368-B63F-3B11-9AB7-3C33D6421DB3}"
	ProjectSection(ProjectDependencies) = postProject
		{E7C96836-EDEE-3404-91A9-1D06EE3218B8} = {E7C96836-EDEE-3404-91A9-1D06EE3218B8}
	EndProjectSection
EndProject
Project("{8BC9CEB8-8B4A-11D0-8D11-00A0C91BC942}") = "uninstall", "uninstall.vcxproj", "{B60A762D-9C32-36B3-89FE-6B660F41574F}"
	ProjectSection(ProjectDependencies) = postProject
		{E7C96836-EDEE-3404-91A9-1D06EE3218B8} = {E7C96836-EDEE-3404-91A9-1D06EE3218B8}
	EndProjectSection
EndProject
Project("{8BC9CEB8-8B4A-11D0-8D11-00A0C91BC942}") = "update_mappings", "src\update_mappings.vcxproj", "{881CB51E-851B-34A5-BB57-5BD4CC1BD21E}"
	ProjectSection(ProjectDependencies) = postProject
		{E7C96836-EDEE-3404-91A9-1D06EE3218B8} = {E7C96836-EDEE-3404-91A9-1D06EE3218B8}
	EndProjectSection
EndProject
Global
	GlobalSection(SolutionConfigurationPlatforms) = preSolution
		Debug|x64 = Debug|x64
		Release|x64 = Release|x64
		MinSizeRel|x64 = MinSizeRel|x64
		RelWithDebInfo|x64 = RelWithDebInfo|x64
	EndGlobalSection
	GlobalSection(ProjectConfigurationPlatforms) = postSolution
		{EDECBB63-AFA2-3272-89F9-60CB626F01AB}.Debug|x64.ActiveCfg = Debug|x64
		{EDECBB63-AFA2-3272-89F9-60CB626F01AB}.Debug|x64.Build.0 = Debug|x64
		{EDECBB63-AFA2-3272-89F9-60CB626F01AB}.Release|x64.ActiveCfg = Release|x64
		{EDECBB63-AFA2-3272-89F9-60CB626F01AB}.Release|x64.Build.0 = Release|x64
		{EDECBB63-AFA2-3272-89F9-60CB626F01AB}.MinSizeRel|x64.ActiveCfg = MinSizeRel|x64
		{EDECBB63-AFA2-3272-89F9-60CB626F01AB}.MinSizeRel|x64.Build.0 = MinSizeRel|x64
		{EDECBB63-AFA2-3272-89F9-60CB626F01AB}.RelWithDebInfo|x64.ActiveCfg = RelWithDebInfo|x64
		{EDECBB63-AFA2-3272-89F9-60CB626F01AB}.RelWithDebInfo|x64.Build.0 = RelWithDebInfo|x64
		{55F7FC1E-BD4C-3831-869B-EF9D905B0E10}.Debug|x64.ActiveCfg = Debug|x64
		{55F7FC1E-BD4C-3831-869B-EF9D905B0E10}.Release|x64.ActiveCfg = Release|x64
		{55F7FC1E-BD4C-3831-869B-EF9D905B0E10}.MinSizeRel|x64.ActiveCfg = MinSizeRel|x64
		{55F7FC1E-BD4C-3831-869B-EF9D905B0E10}.RelWithDebInfo|x64.ActiveCfg = RelWithDebInfo|x64
		{E7C96836-EDEE-3404-91A9-1D06EE3218B8}.Debug|x64.ActiveCfg = Debug|x64
		{E7C96836-EDEE-3404-91A9-1D06EE3218B8}.Debug|x64.Build.0 = Debug|x64
		{E7C96836-EDEE-3404-91A9-1D06EE3218B8}.Release|x64.ActiveCfg = Release|x64
		{E7C96836-EDEE-3404-91A9-1D06EE3218B8}.Release|x64.Build.0 = Release|x64
		{E7C96836-EDEE-3404-91A9-1D06EE3218B8}.MinSizeRel|x64.ActiveCfg = MinSizeRel|x64
		{E7C96836-EDEE-3404-91A9-1D06EE3218B8}.MinSizeRel|x64.Build.0 = MinSizeRel|x64
		{E7C96836-EDEE-3404-91A9-1D06EE3218B8}.RelWithDebInfo|x64.ActiveCfg = RelWithDebInfo|x64
		{E7C96836-EDEE-3404-91A9-1D06EE3218B8}.RelWithDebInfo|x64.Build.0 = RelWithDebInfo|x64
		{59A37368-B63F-3B11-9AB7-3C33D6421DB3}.Debug|x64.ActiveCfg = Debug|x64
		{59A37368-B63F-3B11-9AB7-3C33D6421DB3}.Debug|x64.Build.0 = Debug|x64
		{59A37368-B63F-3B11-9AB7-3C33D6421DB3}.Release|x64.ActiveCfg = Release|x64
		{59A37368-B63F-3B11-9AB7-3C33D6421DB3}.Release|x64.Build.0 = Release|x64
		{59A37368-B63F-3B11-9AB7-3C33D6421DB3}.MinSizeRel|x64.ActiveCfg = MinSizeRel|x64
		{59A37368-B63F-3B11-9AB7-3C33D6421DB3}.MinSizeRel|x64.Build.0 = MinSizeRel|x64
		{59A37368-B63F-3B11-9AB7-3C33D6421DB3}.RelWithDebInfo|x64.ActiveCfg = RelWithDebInfo|x64
		{59A37368-B63F-3B11-9AB7-3C33D6421DB3}.RelWithDebInfo|x64.Build.0 = RelWithDebInfo|x64
		{B60A762D-9C32-36B3-89FE-6B660F41574F}.Debug|x64.ActiveCfg = Debug|x64
		{B60A762D-9C32-36B3-89FE-6B660F41574F}.Release|x64.ActiveCfg = Release|x64
		{B60A762D-9C32-36B3-89FE-6B660F41574F}.MinSizeRel|x64.ActiveCfg = MinSizeRel|x64
		{B60A762D-9C32-36B3-89FE-6B660F41574F}.RelWithDebInfo|x64.ActiveCfg = RelWithDebInfo|x64
		{881CB51E-851B-34A5-BB57-5BD4CC1BD21E}.Debug|x64.ActiveCfg = Debug|x64
		{881CB51E-851B-34A5-BB57-5BD4CC1BD21E}.Release|x64.ActiveCfg = Release|x64
		{881CB51E-851B-34A5-BB57-5BD4CC1BD21E}.MinSizeRel|x64.ActiveCfg = MinSizeRel|x64
		{881CB51E-851B-34A5-BB57-5BD4CC1BD21E}.RelWithDebInfo|x64.ActiveCfg = RelWithDebInfo|x64
	EndGlobalSection
	GlobalSection(NestedProjects) = preSolution
		{EDECBB63-AFA2-3272-89F9-60CB626F01AB} = {6DC0FD06-87A1-35BD-8682-2C5BFF22A9C1}
		{55F7FC1E-BD4C-3831-869B-EF9D905B0E10} = {6DC0FD06-87A1-35BD-8682-2C5BFF22A9C1}
		{E7C96836-EDEE-3404-91A9-1D06EE3218B8} = {6DC0FD06-87A1-35BD-8682-2C5BFF22A9C1}
		{59A37368-B63F-3B11-9AB7-3C33D6421DB3} = {1043350F-2BD5-34FE-B751-2B627F39F3A0}
		{B60A762D-9C32-36B3-89FE-6B660F41574F} = {1043350F-2BD5-34FE-B751-2B627F39F3A0}
		{881CB51E-851B-34A5-BB57-5BD4CC1BD21E} = {1043350F-2BD5-34FE-B751-2B627F39F3A0}
	EndGlobalSection
	GlobalSection(ExtensibilityGlobals) = postSolution
		SolutionGuid = {ACD21A87-32B3-37E6-AE8C-F59A0A5937E1}
	EndGlobalSection
	GlobalSection(ExtensibilityAddIns) = postSolution
	EndGlobalSection
EndGlobal
