<?xml version="1.0" encoding="utf-8"?>
<Project ToolsVersion="17.0" xmlns="http://schemas.microsoft.com/developer/msbuild/2003">
  <ItemGroup>
    <ClCompile Include="C:\Users\porte\OneDrive\Desktop\Subtitilizer\Project\src\main.cpp">
      <Filter>Source Files</Filter>
    </ClCompile>
  </ItemGroup>
  <ItemGroup>
    <CustomBuild Include="C:\Users\porte\OneDrive\Desktop\Subtitilizer\Project\CMakeLists.txt" />
  </ItemGroup>
  <ItemGroup>
    <Filter Include="Source Files">
      <UniqueIdentifier>{AA0F34FD-ABC0-3BE2-95FC-5DCCF25A48A7}</UniqueIdentifier>
    </Filter>
  </ItemGroup>
</Project>
