<?xml version="1.0" encoding="utf-8"?>
<Project ToolsVersion="17.0" xmlns="http://schemas.microsoft.com/developer/msbuild/2003">
  <ItemGroup>
    <CustomBuild Include="C:\Users\porte\OneDrive\Desktop\Subtitilizer\Project\lib\CMakeFiles\ef7332476e1db47512e42d68d8cf0122\update_mappings.rule">
      <Filter>CMake Rules</Filter>
    </CustomBuild>
    <CustomBuild Include="C:\Users\porte\OneDrive\Desktop\Subtitilizer\Project\lib\glfw\src\CMakeLists.txt" />
  </ItemGroup>
  <ItemGroup>
    <None Include="C:\Users\porte\OneDrive\Desktop\Subtitilizer\Project\lib\glfw\src\mappings.h.in">
      <Filter>Header Files</Filter>
    </None>
    <None Include="C:\Users\porte\OneDrive\Desktop\Subtitilizer\Project\lib\glfw\CMake\GenerateMappings.cmake" />
    <None Include="C:\Users\porte\OneDrive\Desktop\Subtitilizer\Project\lib\lib\glfw\src\CMakeFiles\update_mappings" />
  </ItemGroup>
  <ItemGroup>
    <Filter Include="CMake Rules">
      <UniqueIdentifier>{D37D8BF3-7F2C-32C0-ACE7-C0D0AA5E4C63}</UniqueIdentifier>
    </Filter>
    <Filter Include="Header Files">
      <UniqueIdentifier>{009E3138-3CE8-3B22-9262-278C32FF2838}</UniqueIdentifier>
    </Filter>
  </ItemGroup>
</Project>
